
Microsoft Visual Studio Solution File, Format Version 12.00
# Visual Studio Version 17
VisualStudioVersion = 17.6.33815.320
MinimumVisualStudioVersion = 10.0.40219.1
Project("{9A19103F-16F7-4668-BE54-9A1E7A4F7556}") = "ToDoApp01", "ToDoApp01.csproj", "{C377F7EA-6535-48AB-8733-964B76FDAC95}"
EndProject
Global
	GlobalSection(SolutionConfigurationPlatforms) = preSolution
		Debug|Any CPU = Debug|Any CPU
		Release|Any CPU = Release|Any CPU
	EndGlobalSection
	GlobalSection(ProjectConfigurationPlatforms) = postSolution
		{C377F7EA-6535-48AB-8733-964B76FDAC95}.Debug|Any CPU.ActiveCfg = Debug|Any CPU
		{C377F7EA-6535-48AB-8733-964B76FDAC95}.Debug|Any CPU.Build.0 = Debug|Any CPU
		{C377F7EA-6535-48AB-8733-964B76FDAC95}.Release|Any CPU.ActiveCfg = Release|Any CPU
		{C377F7EA-6535-48AB-8733-964B76FDAC95}.Release|Any CPU.Build.0 = Release|Any CPU
	EndGlobalSection
	GlobalSection(SolutionProperties) = preSolution
		HideSolutionNode = FALSE
	EndGlobalSection
	GlobalSection(ExtensibilityGlobals) = postSolution
		SolutionGuid = {B026C253-E62E-4739-AC90-CF87C4447C11}
	EndGlobalSection
EndGlobal
